<?xml version="1.0" encoding="utf-8"?>
<Project ToolsVersion="4.0" xmlns="http://schemas.microsoft.com/developer/msbuild/2003">
  <ItemGroup>
    <Filter Include="Source">
      <UniqueIdentifier>{19a11c92-712a-405a-b033-6fa19aa658c5}</UniqueIdentifier>
    </Filter>
    <Filter Include="Source\Logisim">
      <UniqueIdentifier>{4725fce9-3852-4424-80dd-276dbb3d8229}</UniqueIdentifier>
    </Filter>
    <Filter Include="Source\Simulation">
      <UniqueIdentifier>{5044a0cc-4079-420f-a59f-38dc6a4b0bf4}</UniqueIdentifier>
    </Filter>
    <Filter Include="Source\Simulation\Common">
      <UniqueIdentifier>{badc7a18-c1f8-41cf-a1ee-5d716d2f0996}</UniqueIdentifier>
    </Filter>
    <Filter Include="Source\Logisim\Component">
      <UniqueIdentifier>{957105ea-ee66-464b-84c2-4587bec0063e}</UniqueIdentifier>
    </Filter>
  </ItemGroup>
  <ItemGroup>
    <ClCompile Include="Main.cpp">
      <Filter>Source</Filter>
    </ClCompile>
    <ClCompile Include="LogisimFileReader.cpp">
      <Filter>Source\Logisim</Filter>
    </ClCompile>
    <ClCompile Include="LogisimCircuit.cpp">
      <Filter>Source\Logisim</Filter>
    </ClCompile>
    <ClCompile Include="LogisimComponent.cpp">
      <Filter>Source\Logisim\Component</Filter>
    </ClCompile>
    <ClCompile Include="LogisimWire.cpp">
      <Filter>Source\Logisim</Filter>
    </ClCompile>
    <ClCompile Include="LogisimPullResistor.cpp">
      <Filter>Source\Logisim\Component</Filter>
    </ClCompile>
    <ClCompile Include="LogisimLibrary.cpp">
      <Filter>Source\Logisim</Filter>
    </ClCompile>
    <ClCompile Include="LogisimComponentList.cpp">
      <Filter>Source\Logisim</Filter>
    </ClCompile>
    <ClCompile Include="LogisimTunnel.cpp">
      <Filter>Source\Logisim\Component</Filter>
    </ClCompile>
    <ClCompile Include="LogisimConstant.cpp">
      <Filter>Source\Logisim\Component</Filter>
    </ClCompile>
    <ClCompile Include="LogisimANDGate.cpp">
      <Filter>Source\Logisim\Component</Filter>
    </ClCompile>
    <ClCompile Include="LogisimNANDGate.cpp">
      <Filter>Source\Logisim\Component</Filter>
    </ClCompile>
    <ClCompile Include="LogisimNORGate.cpp">
      <Filter>Source\Logisim\Component</Filter>
    </ClCompile>
    <ClCompile Include="LogisimORGate.cpp">
      <Filter>Source\Logisim\Component</Filter>
    </ClCompile>
    <ClCompile Include="LogisimNOTGate.cpp">
      <Filter>Source\Logisim\Component</Filter>
    </ClCompile>
    <ClCompile Include="LogisimXORGate.cpp">
      <Filter>Source\Logisim\Component</Filter>
    </ClCompile>
    <ClCompile Include="LogisimClock.cpp">
      <Filter>Source\Logisim\Component</Filter>
    </ClCompile>
    <ClCompile Include="LogisimControlledBuffer.cpp">
      <Filter>Source\Logisim\Component</Filter>
    </ClCompile>
    <ClCompile Include="LogisimCounter.cpp">
      <Filter>Source\Logisim\Component</Filter>
    </ClCompile>
    <ClCompile Include="LogisimDecoder.cpp">
      <Filter>Source\Logisim\Component</Filter>
    </ClCompile>
    <ClCompile Include="LogisimDigitalOscilloscope.cpp">
      <Filter>Source\Logisim\Component</Filter>
    </ClCompile>
    <ClCompile Include="LogisimLED.cpp">
      <Filter>Source\Logisim\Component</Filter>
    </ClCompile>
    <ClCompile Include="LogisimPin.cpp">
      <Filter>Source\Logisim\Component</Filter>
    </ClCompile>
    <ClCompile Include="LogisimProbe.cpp">
      <Filter>Source\Logisim\Component</Filter>
    </ClCompile>
    <ClCompile Include="LogisimRAM.cpp">
      <Filter>Source\Logisim\Component</Filter>
    </ClCompile>
    <ClCompile Include="LogisimROM.cpp">
      <Filter>Source\Logisim\Component</Filter>
    </ClCompile>
    <ClCompile Include="LogisimSplitter.cpp">
      <Filter>Source\Logisim\Component</Filter>
    </ClCompile>
    <ClCompile Include="LogisimText.cpp">
      <Filter>Source\Logisim\Component</Filter>
    </ClCompile>
    <ClCompile Include="LogisimDFlipFlop.cpp">
      <Filter>Source\Logisim\Component</Filter>
    </ClCompile>
    <ClCompile Include="LogisimGate.cpp">
      <Filter>Source\Logisim\Component</Filter>
    </ClCompile>
    <ClCompile Include="LogisimFacing.cpp">
      <Filter>Source\Logisim\Component</Filter>
    </ClCompile>
    <ClCompile Include="LogisimCustomComponent.cpp">
      <Filter>Source\Logisim\Component</Filter>
    </ClCompile>
    <ClCompile Include="LogisimMemory.cpp">
      <Filter>Source\Logisim\Component</Filter>
    </ClCompile>
    <ClCompile Include="LogisimRandom.cpp">
      <Filter>Source\Logisim\Component</Filter>
    </ClCompile>
    <ClCompile Include="LogisimComparator.cpp">
      <Filter>Source\Logisim\Component</Filter>
    </ClCompile>
    <ClCompile Include="LogisimShiftRegister.cpp">
      <Filter>Source\Logisim\Component</Filter>
    </ClCompile>
    <ClCompile Include="LogisimCircuitComponent.cpp">
      <Filter>Source\Logisim\Component</Filter>
    </ClCompile>
    <ClCompile Include="LogisimBuffer.cpp">
      <Filter>Source\Logisim\Component</Filter>
    </ClCompile>
  </ItemGroup>
  <ItemGroup>
    <ClInclude Include="LogisimFileReader.h">
      <Filter>Source\Logisim</Filter>
    </ClInclude>
    <ClInclude Include="LogisimCircuit.h">
      <Filter>Source\Logisim</Filter>
    </ClInclude>
    <ClInclude Include="LogisimComponent.h">
      <Filter>Source\Logisim\Component</Filter>
    </ClInclude>
    <ClInclude Include="LogisimWire.h">
      <Filter>Source\Logisim</Filter>
    </ClInclude>
    <ClInclude Include="LogisimPullResistor.h">
      <Filter>Source\Logisim\Component</Filter>
    </ClInclude>
    <ClInclude Include="LogisimLibrary.h">
      <Filter>Source\Logisim</Filter>
    </ClInclude>
    <ClInclude Include="LogisimComponentList.h">
      <Filter>Source\Logisim</Filter>
    </ClInclude>
    <ClInclude Include="LogisimTunnel.h">
      <Filter>Source\Logisim\Component</Filter>
    </ClInclude>
    <ClInclude Include="LogisimConstant.h">
      <Filter>Source\Logisim\Component</Filter>
    </ClInclude>
    <ClInclude Include="LogisimANDGate.h">
      <Filter>Source\Logisim\Component</Filter>
    </ClInclude>
    <ClInclude Include="LogisimNANDGate.h">
      <Filter>Source\Logisim\Component</Filter>
    </ClInclude>
    <ClInclude Include="LogisimNORGate.h">
      <Filter>Source\Logisim\Component</Filter>
    </ClInclude>
    <ClInclude Include="LogisimORGate.h">
      <Filter>Source\Logisim\Component</Filter>
    </ClInclude>
    <ClInclude Include="LogisimNOTGate.h">
      <Filter>Source\Logisim\Component</Filter>
    </ClInclude>
    <ClInclude Include="LogisimXORGate.h">
      <Filter>Source\Logisim\Component</Filter>
    </ClInclude>
    <ClInclude Include="LogisimClock.h">
      <Filter>Source\Logisim\Component</Filter>
    </ClInclude>
    <ClInclude Include="LogisimControlledBuffer.h">
      <Filter>Source\Logisim\Component</Filter>
    </ClInclude>
    <ClInclude Include="LogisimCounter.h">
      <Filter>Source\Logisim\Component</Filter>
    </ClInclude>
    <ClInclude Include="LogisimDecoder.h">
      <Filter>Source\Logisim\Component</Filter>
    </ClInclude>
    <ClInclude Include="LogisimDigitalOscilloscope.h">
      <Filter>Source\Logisim\Component</Filter>
    </ClInclude>
    <ClInclude Include="LogisimLED.h">
      <Filter>Source\Logisim\Component</Filter>
    </ClInclude>
    <ClInclude Include="LogisimPin.h">
      <Filter>Source\Logisim\Component</Filter>
    </ClInclude>
    <ClInclude Include="LogisimProbe.h">
      <Filter>Source\Logisim\Component</Filter>
    </ClInclude>
    <ClInclude Include="LogisimRAM.h">
      <Filter>Source\Logisim\Component</Filter>
    </ClInclude>
    <ClInclude Include="LogisimROM.h">
      <Filter>Source\Logisim\Component</Filter>
    </ClInclude>
    <ClInclude Include="LogisimSplitter.h">
      <Filter>Source\Logisim\Component</Filter>
    </ClInclude>
    <ClInclude Include="LogisimText.h">
      <Filter>Source\Logisim\Component</Filter>
    </ClInclude>
    <ClInclude Include="LogisimDFlipFlop.h">
      <Filter>Source\Logisim\Component</Filter>
    </ClInclude>
    <ClInclude Include="LogisimTrigger.h">
      <Filter>Source\Logisim</Filter>
    </ClInclude>
    <ClInclude Include="LogisimGate.h">
      <Filter>Source\Logisim\Component</Filter>
    </ClInclude>
    <ClInclude Include="LogisimFacing.h">
      <Filter>Source\Logisim\Component</Filter>
    </ClInclude>
    <ClInclude Include="LogisimCustomComponent.h">
      <Filter>Source\Logisim\Component</Filter>
    </ClInclude>
    <ClInclude Include="LogisimMemory.h">
      <Filter>Source\Logisim\Component</Filter>
    </ClInclude>
    <ClInclude Include="LogisimAlignment.h">
      <Filter>Source\Logisim\Component</Filter>
    </ClInclude>
    <ClInclude Include="LogisimSelectLocation.h">
      <Filter>Source\Logisim\Component</Filter>
    </ClInclude>
    <ClInclude Include="LogisimRandom.h">
      <Filter>Source\Logisim\Component</Filter>
    </ClInclude>
    <ClInclude Include="LogisimComparator.h">
      <Filter>Source\Logisim\Component</Filter>
    </ClInclude>
    <ClInclude Include="LogisimNumericType.h">
      <Filter>Source\Logisim\Component</Filter>
    </ClInclude>
    <ClInclude Include="LogisimShiftRegister.h">
      <Filter>Source\Logisim\Component</Filter>
    </ClInclude>
    <ClInclude Include="LogisimCircuitComponent.h">
      <Filter>Source\Logisim\Component</Filter>
    </ClInclude>
    <ClInclude Include="LogisimBuffer.h">
      <Filter>Source\Logisim\Component</Filter>
    </ClInclude>
  </ItemGroup>
</Project>